
Microsoft Visual Studio Solution File, Format Version 12.00
# Visual Studio Version 16
VisualStudioVersion = 16.0.30309.148
MinimumVisualStudioVersion = 10.0.40219.1
Project("{2150E333-8FDC-42A3-9474-1A3956D46DE8}") = "Services", "Services", "{E0ECA0A7-8DE2-4A66-95F2-A0E6516219A0}"
EndProject
Project("{2150E333-8FDC-42A3-9474-1A3956D46DE8}") = "Apps", "Apps", "{B2D72DD9-5405-41F8-BFD3-E34AB9A1799F}"
EndProject
Project("{2150E333-8FDC-42A3-9474-1A3956D46DE8}") = "Test", "Test", "{F612383E-484E-4F4D-B5F8-3C1C5B8352F8}"
EndProject
Project("{9A19103F-16F7-4668-BE54-9A1E7A4F7556}") = "Css.Web.UI", "Apps\Css.Web.UI\Css.Web.UI.csproj", "{2F3E7D54-B902-4364-B070-C3D1ECB19774}"
EndProject
Project("{2150E333-8FDC-42A3-9474-1A3956D46DE8}") = "API.Core", "API.Core", "{C3890890-4DD6-4410-A6CE-B2100D1E94B3}"
EndProject
Project("{2150E333-8FDC-42A3-9474-1A3956D46DE8}") = "API.Gateway", "API.Gateway", "{43A9C267-9DD8-42E0-956B-2E21F80796F9}"
EndProject
Project("{2150E333-8FDC-42A3-9474-1A3956D46DE8}") = "API.Identity", "API.Identity", "{2202C5CD-576F-493F-BD3C-628A3386928E}"
EndProject
Project("{2150E333-8FDC-42A3-9474-1A3956D46DE8}") = "API.Admin", "API.Admin", "{763ACC0A-2915-4711-AE58-18136556CBE7}"
EndProject
Project("{2150E333-8FDC-42A3-9474-1A3956D46DE8}") = "API.Scheduling", "API.Scheduling", "{F2D95128-89A4-406D-943C-34924B8A90C0}"
EndProject
Project("{2150E333-8FDC-42A3-9474-1A3956D46DE8}") = "API.Admin", "API.Admin", "{D4F9C3A0-E8F3-4004-9762-32226E1714DC}"
EndProject
Project("{2150E333-8FDC-42A3-9474-1A3956D46DE8}") = "API.Scheduling", "API.Scheduling", "{A4704604-21B3-4A53-A068-C9427C50FCDE}"
EndProject
Project("{9A19103F-16F7-4668-BE54-9A1E7A4F7556}") = "Css.Api.Scheduling.UnitTest", "Test\API.Scheduling\Css.Api.Scheduling.UnitTest\Css.Api.Scheduling.UnitTest.csproj", "{1905F697-DBA9-4D26-91F7-3A1E61DFA247}"
EndProject
Project("{9A19103F-16F7-4668-BE54-9A1E7A4F7556}") = "Css.Api.Scheduling.IntegrationTest", "Test\API.Scheduling\Css.Api.Scheduling.IntegrationTest\Css.Api.Scheduling.IntegrationTest.csproj", "{D63A1683-B32C-4869-BE75-805832729D60}"
EndProject
Project("{9A19103F-16F7-4668-BE54-9A1E7A4F7556}") = "Css.Api.Scheduling.Business.UnitTest", "Test\API.Scheduling\Css.Api.Scheduling.Business.UnitTest\Css.Api.Scheduling.Business.UnitTest.csproj", "{75F5ADD2-CBAD-45ED-815A-8D1444C5E700}"
EndProject
Project("{9A19103F-16F7-4668-BE54-9A1E7A4F7556}") = "Css.Api.Scheduling.Business.IntegrationTest", "Test\API.Scheduling\Css.Api.Scheduling.Business.IntegrationTest\Css.Api.Scheduling.Business.IntegrationTest.csproj", "{650BDC2A-66BE-4EFB-888C-34E42C10400B}"
EndProject
Project("{9A19103F-16F7-4668-BE54-9A1E7A4F7556}") = "Css.Api.Admin.UnitTest", "Test\API.Admin\Css.Api.Admin.UnitTest\Css.Api.Admin.UnitTest.csproj", "{E429CDDD-2711-4D0D-BC0E-350B1D49EFA0}"
EndProject
Project("{9A19103F-16F7-4668-BE54-9A1E7A4F7556}") = "Css.Api.Admin.IntegrationTest", "Test\API.Admin\Css.Api.Admin.IntegrationTest\Css.Api.Admin.IntegrationTest.csproj", "{866778FF-6D0F-42C9-B452-07D3C7E6C8EF}"
EndProject
Project("{9A19103F-16F7-4668-BE54-9A1E7A4F7556}") = "Css.Api.Admin.Business.UnitTest", "Test\API.Admin\Css.Api.Admin.Business.UnitTest\Css.Api.Admin.Business.UnitTest.csproj", "{3648EEB7-5DEB-420A-BD91-5C456AD31E3C}"
EndProject
Project("{9A19103F-16F7-4668-BE54-9A1E7A4F7556}") = "Css.Api.Admin.Business.IntegrationTest", "Test\API.Admin\Css.Api.Admin.Business.IntegrationTest\Css.Api.Admin.Business.IntegrationTest.csproj", "{F258C3CD-90FD-4F47-9900-4A80C74690B1}"
EndProject
Project("{9A19103F-16F7-4668-BE54-9A1E7A4F7556}") = "Css.Api.Core.DataAccess", "Services\API.Core\Css.Api.Core.DataAccess\Css.Api.Core.DataAccess.csproj", "{2118DF64-6560-4E69-9D18-4E2DA1A51AB1}"
EndProject
Project("{9A19103F-16F7-4668-BE54-9A1E7A4F7556}") = "Css.Api.Core.EventBus", "Services\API.Core\Css.Api.Core.EventBus\Css.Api.Core.EventBus.csproj", "{1D746E16-B50A-4A97-908F-B1EAAAEB1C02}"
EndProject
Project("{9A19103F-16F7-4668-BE54-9A1E7A4F7556}") = "Css.Api.Core.ExceptionHandling", "Services\API.Core\Css.Api.Core.ExceptionHandling\Css.Api.Core.ExceptionHandling.csproj", "{1CB5C206-6A93-4B62-888A-1484A355A4E1}"
EndProject
Project("{9A19103F-16F7-4668-BE54-9A1E7A4F7556}") = "Css.Api.Gateway", "Services\API.Gateway\Css.Api.Gateway\Css.Api.Gateway.csproj", "{5C595595-FBB0-42A5-90BE-5507129A75C6}"
EndProject
Project("{9A19103F-16F7-4668-BE54-9A1E7A4F7556}") = "Css.Api.Auth", "Services\API.Identity\Css.Api.Auth\Css.Api.Auth.csproj", "{93D5184C-1B13-414E-B29E-2398BD464BE6}"
EndProject
Project("{9A19103F-16F7-4668-BE54-9A1E7A4F7556}") = "Css.Api.Auth.Business", "Services\API.Identity\Css.Api.Auth.Business\Css.Api.Auth.Business.csproj", "{2F4B4E86-6AAB-44A9-822B-36D0325BE0BE}"
EndProject
Project("{9A19103F-16F7-4668-BE54-9A1E7A4F7556}") = "Css.Api.Auth.Models", "Services\API.Identity\Css.Api.Auth.Models\Css.Api.Auth.Models.csproj", "{15B6EF49-48F5-406D-8545-D37C0998A770}"
EndProject
Project("{9A19103F-16F7-4668-BE54-9A1E7A4F7556}") = "Css.Api.Auth.Repository", "Services\API.Identity\Css.Api.Auth.Repository\Css.Api.Auth.Repository.csproj", "{C9C536C9-762E-469B-9362-7DF893D1CED2}"
EndProject
Project("{9A19103F-16F7-4668-BE54-9A1E7A4F7556}") = "Css.Api.Admin", "Services\API.Admin\Css.Api.Admin\Css.Api.Admin.csproj", "{25AFB7B3-D929-4A80-AF1B-89BA651BB79C}"
EndProject
Project("{9A19103F-16F7-4668-BE54-9A1E7A4F7556}") = "Css.Api.Admin.Business", "Services\API.Admin\Css.Api.Admin.Business\Css.Api.Admin.Business.csproj", "{F3B85CB5-F642-440D-9D6B-F875FBFB3D97}"
EndProject
Project("{9A19103F-16F7-4668-BE54-9A1E7A4F7556}") = "Css.Api.Admin.Models", "Services\API.Admin\Css.Api.Admin.Models\Css.Api.Admin.Models.csproj", "{E776E85D-23C5-483D-AFA6-45F1176EDD6E}"
EndProject
Project("{9A19103F-16F7-4668-BE54-9A1E7A4F7556}") = "Css.Api.Admin.Repository", "Services\API.Admin\Css.Api.Admin.Repository\Css.Api.Admin.Repository.csproj", "{BD5AB7F9-8ED5-4C3A-90A8-5504E8929279}"
EndProject
Project("{9A19103F-16F7-4668-BE54-9A1E7A4F7556}") = "Css.Api.Scheduling", "Services\API.Scheduling\Css.Api.Scheduling\Css.Api.Scheduling.csproj", "{DE73B812-7D42-4C1D-933B-54D08CFE4921}"
EndProject
Project("{9A19103F-16F7-4668-BE54-9A1E7A4F7556}") = "Css.Api.Scheduling.Business", "Services\API.Scheduling\Css.Api.Scheduling.Business\Css.Api.Scheduling.Business.csproj", "{3A312F90-8EB1-46A5-A6B5-D1E34E667933}"
EndProject
Project("{9A19103F-16F7-4668-BE54-9A1E7A4F7556}") = "Css.Api.Scheduling.Models", "Services\API.Scheduling\Css.Api.Scheduling.Models\Css.Api.Scheduling.Models.csproj", "{14677BDC-EC56-4D90-ACB0-A67F0F3EB8D3}"
EndProject
Project("{9A19103F-16F7-4668-BE54-9A1E7A4F7556}") = "Css.Api.Scheduling.Repository", "Services\API.Scheduling\Css.Api.Scheduling.Repository\Css.Api.Scheduling.Repository.csproj", "{7CEECA35-CC24-4F9F-948D-CA2F21D97592}"
EndProject
Project("{9A19103F-16F7-4668-BE54-9A1E7A4F7556}") = "Css.Api.Core.Models", "Services\API.Core\Css.Api.Core.Models\Css.Api.Core.Models.csproj", "{0435E8CE-FBE5-42BB-B681-0DCC69ED520B}"
EndProject
Project("{E53339B2-1760-4266-BCC7-CA923CBCF16C}") = "docker-compose", "docker-compose.dcproj", "{118D368E-1ACE-4BC3-A8DC-BB9F7B29632E}"
EndProject
Project("{9A19103F-16F7-4668-BE54-9A1E7A4F7556}") = "Css.Api.Core.Utilities", "Services\API.Core\Css.Api.Core.Utilities\Css.Api.Core.Utilities.csproj", "{E20A72DB-4B7A-45FC-BEE6-E8436A98B2A2}"
EndProject
Project("{2150E333-8FDC-42A3-9474-1A3956D46DE8}") = "API.Setup", "API.Setup", "{2E108AE1-C67A-4B31-8433-E49137B0CCD5}"
EndProject
Project("{9A19103F-16F7-4668-BE54-9A1E7A4F7556}") = "Css.Api.Setup", "Services\Api.Setup\Css.Api.Setup\Css.Api.Setup.csproj", "{A761F37D-194F-4171-945C-367CB97E92F7}"
EndProject
Project("{9A19103F-16F7-4668-BE54-9A1E7A4F7556}") = "Css.Api.Setup.Models", "Services\Api.Setup\Css.Api.Setup.Models\Css.Api.Setup.Models.csproj", "{C0DCA9A3-972B-4510-8E6E-28638D64E228}"
EndProject
Project("{9A19103F-16F7-4668-BE54-9A1E7A4F7556}") = "Css.Api.Setup.Business", "Services\Api.Setup\Css.Api.Setup.Business\Css.Api.Setup.Business.csproj", "{595F90DA-68A5-4E7A-998D-AC7AF288CC24}"
EndProject
Project("{9A19103F-16F7-4668-BE54-9A1E7A4F7556}") = "Css.Api.Setup.Repository", "Services\Api.Setup\Css.Api.Setup.Repository\Css.Api.Setup.Repository.csproj", "{122D2F9F-5655-48A8-9D14-98FF1F9FB6A4}"
EndProject
Project("{2150E333-8FDC-42A3-9474-1A3956D46DE8}") = "API.Setup", "API.Setup", "{AF770B10-114A-465E-9AB3-C5EAE57ECEA2}"
EndProject
Project("{9A19103F-16F7-4668-BE54-9A1E7A4F7556}") = "Css.Api.Setup.Business.IntegrationTest", "Test\API.Setup\Css.Api.Setup.Business.IntegrationTest\Css.Api.Setup.Business.IntegrationTest.csproj", "{DEE1E4E0-3642-4D26-8C2C-8464535F0978}"
EndProject
Project("{9A19103F-16F7-4668-BE54-9A1E7A4F7556}") = "Css.Api.Setup.Business.UnitTest", "Test\API.Setup\Css.Api.Setup.Business.UnitTest\Css.Api.Setup.Business.UnitTest.csproj", "{BAE54950-B0C0-4C94-946F-069723AB47C7}"
EndProject
Project("{9A19103F-16F7-4668-BE54-9A1E7A4F7556}") = "Css.Api.Setup.IntegrationTest", "Test\API.Setup\Css.Api.Setup.IntegrationTest\Css.Api.Setup.IntegrationTest.csproj", "{117601BB-81F7-44A0-A2C4-A97DA57E683F}"
EndProject
Project("{9A19103F-16F7-4668-BE54-9A1E7A4F7556}") = "Css.Api.Setup.UnitTest", "Test\API.Setup\Css.Api.Setup.UnitTest\Css.Api.Setup.UnitTest.csproj", "{A008B034-48BE-481D-9124-000EC5A24B92}"
EndProject
Project("{2150E333-8FDC-42A3-9474-1A3956D46DE8}") = "API.Reporting", "API.Reporting", "{AEDB966E-B0C7-4693-94B2-2245276A148E}"
EndProject
Project("{9A19103F-16F7-4668-BE54-9A1E7A4F7556}") = "Css.Api.Reporting", "Services\API.Reporting\Css.Api.Reporting\Css.Api.Reporting.csproj", "{63CDD452-8779-4CE7-A917-1F7997950DD5}"
EndProject
Project("{9A19103F-16F7-4668-BE54-9A1E7A4F7556}") = "Css.Api.Reporting.Business", "Services\API.Reporting\Css.Api.Reporting.Business\Css.Api.Reporting.Business.csproj", "{3E5D242C-2120-468C-8D04-E53D8FE177C3}"
EndProject
Project("{9A19103F-16F7-4668-BE54-9A1E7A4F7556}") = "Css.Api.Reporting.Models", "Services\API.Reporting\Css.Api.Reporting.Models\Css.Api.Reporting.Models.csproj", "{19BDDD71-FA7F-4749-AEA5-CECF18558075}"
EndProject
Project("{9A19103F-16F7-4668-BE54-9A1E7A4F7556}") = "Css.Api.Reporting.Repository", "Services\API.Reporting\Css.Api.Reporting.Repository\Css.Api.Reporting.Repository.csproj", "{FDDA4674-43B1-47CC-BAE2-EB3F29889223}"
EndProject
Project("{2150E333-8FDC-42A3-9474-1A3956D46DE8}") = "API.Reporting", "API.Reporting", "{1808FEBE-CCEF-4D44-85C8-11FB7BE7E3FC}"
EndProject
Project("{FAE04EC0-301F-11D3-BF4B-00C04F79EFBC}") = "Css.Api.Reporting.Business.IntegrationTest", "Test\API.Reporting\Css.Api.Reporting.Business.IntegrationTest\Css.Api.Reporting.Business.IntegrationTest.csproj", "{24D1C287-D9A8-484C-8528-3B7387E7C5AB}"
EndProject
Project("{FAE04EC0-301F-11D3-BF4B-00C04F79EFBC}") = "Css.Api.Reporting.Business.UnitTest", "Test\API.Reporting\Css.Api.Reporting.Business.UnitTest\Css.Api.Reporting.Business.UnitTest.csproj", "{8A0CD399-8FD9-4B07-8B15-7F29C1FCE853}"
EndProject
Project("{FAE04EC0-301F-11D3-BF4B-00C04F79EFBC}") = "Css.Api.Reporting.IntegrationTest", "Test\API.Reporting\Css.Api.Reporting.IntegrationTest\Css.Api.Reporting.IntegrationTest.csproj", "{A26F5CDA-AEDD-473B-A4F1-93B745D8F495}"
EndProject
Project("{FAE04EC0-301F-11D3-BF4B-00C04F79EFBC}") = "Css.Api.Reportinging.UnitTest", "Test\API.Reporting\Css.Api.Reportinging.UnitTest\Css.Api.Reportinging.UnitTest.csproj", "{4089E5A5-9345-4F24-8A1A-3E69582DB876}"
EndProject
Global
	GlobalSection(SolutionConfigurationPlatforms) = preSolution
		Debug|Any CPU = Debug|Any CPU
		Release|Any CPU = Release|Any CPU
	EndGlobalSection
	GlobalSection(ProjectConfigurationPlatforms) = postSolution
		{2F3E7D54-B902-4364-B070-C3D1ECB19774}.Debug|Any CPU.ActiveCfg = Debug|Any CPU
		{2F3E7D54-B902-4364-B070-C3D1ECB19774}.Debug|Any CPU.Build.0 = Debug|Any CPU
		{2F3E7D54-B902-4364-B070-C3D1ECB19774}.Release|Any CPU.ActiveCfg = Release|Any CPU
		{2F3E7D54-B902-4364-B070-C3D1ECB19774}.Release|Any CPU.Build.0 = Release|Any CPU
		{1905F697-DBA9-4D26-91F7-3A1E61DFA247}.Debug|Any CPU.ActiveCfg = Debug|Any CPU
		{1905F697-DBA9-4D26-91F7-3A1E61DFA247}.Debug|Any CPU.Build.0 = Debug|Any CPU
		{1905F697-DBA9-4D26-91F7-3A1E61DFA247}.Release|Any CPU.ActiveCfg = Release|Any CPU
		{1905F697-DBA9-4D26-91F7-3A1E61DFA247}.Release|Any CPU.Build.0 = Release|Any CPU
		{D63A1683-B32C-4869-BE75-805832729D60}.Debug|Any CPU.ActiveCfg = Debug|Any CPU
		{D63A1683-B32C-4869-BE75-805832729D60}.Debug|Any CPU.Build.0 = Debug|Any CPU
		{D63A1683-B32C-4869-BE75-805832729D60}.Release|Any CPU.ActiveCfg = Release|Any CPU
		{D63A1683-B32C-4869-BE75-805832729D60}.Release|Any CPU.Build.0 = Release|Any CPU
		{75F5ADD2-CBAD-45ED-815A-8D1444C5E700}.Debug|Any CPU.ActiveCfg = Debug|Any CPU
		{75F5ADD2-CBAD-45ED-815A-8D1444C5E700}.Debug|Any CPU.Build.0 = Debug|Any CPU
		{75F5ADD2-CBAD-45ED-815A-8D1444C5E700}.Release|Any CPU.ActiveCfg = Release|Any CPU
		{75F5ADD2-CBAD-45ED-815A-8D1444C5E700}.Release|Any CPU.Build.0 = Release|Any CPU
		{650BDC2A-66BE-4EFB-888C-34E42C10400B}.Debug|Any CPU.ActiveCfg = Debug|Any CPU
		{650BDC2A-66BE-4EFB-888C-34E42C10400B}.Debug|Any CPU.Build.0 = Debug|Any CPU
		{650BDC2A-66BE-4EFB-888C-34E42C10400B}.Release|Any CPU.ActiveCfg = Release|Any CPU
		{650BDC2A-66BE-4EFB-888C-34E42C10400B}.Release|Any CPU.Build.0 = Release|Any CPU
		{E429CDDD-2711-4D0D-BC0E-350B1D49EFA0}.Debug|Any CPU.ActiveCfg = Debug|Any CPU
		{E429CDDD-2711-4D0D-BC0E-350B1D49EFA0}.Debug|Any CPU.Build.0 = Debug|Any CPU
		{E429CDDD-2711-4D0D-BC0E-350B1D49EFA0}.Release|Any CPU.ActiveCfg = Release|Any CPU
		{E429CDDD-2711-4D0D-BC0E-350B1D49EFA0}.Release|Any CPU.Build.0 = Release|Any CPU
		{866778FF-6D0F-42C9-B452-07D3C7E6C8EF}.Debug|Any CPU.ActiveCfg = Debug|Any CPU
		{866778FF-6D0F-42C9-B452-07D3C7E6C8EF}.Debug|Any CPU.Build.0 = Debug|Any CPU
		{866778FF-6D0F-42C9-B452-07D3C7E6C8EF}.Release|Any CPU.ActiveCfg = Release|Any CPU
		{866778FF-6D0F-42C9-B452-07D3C7E6C8EF}.Release|Any CPU.Build.0 = Release|Any CPU
		{3648EEB7-5DEB-420A-BD91-5C456AD31E3C}.Debug|Any CPU.ActiveCfg = Debug|Any CPU
		{3648EEB7-5DEB-420A-BD91-5C456AD31E3C}.Debug|Any CPU.Build.0 = Debug|Any CPU
		{3648EEB7-5DEB-420A-BD91-5C456AD31E3C}.Release|Any CPU.ActiveCfg = Release|Any CPU
		{3648EEB7-5DEB-420A-BD91-5C456AD31E3C}.Release|Any CPU.Build.0 = Release|Any CPU
		{F258C3CD-90FD-4F47-9900-4A80C74690B1}.Debug|Any CPU.ActiveCfg = Debug|Any CPU
		{F258C3CD-90FD-4F47-9900-4A80C74690B1}.Debug|Any CPU.Build.0 = Debug|Any CPU
		{F258C3CD-90FD-4F47-9900-4A80C74690B1}.Release|Any CPU.ActiveCfg = Release|Any CPU
		{F258C3CD-90FD-4F47-9900-4A80C74690B1}.Release|Any CPU.Build.0 = Release|Any CPU
		{2118DF64-6560-4E69-9D18-4E2DA1A51AB1}.Debug|Any CPU.ActiveCfg = Debug|Any CPU
		{2118DF64-6560-4E69-9D18-4E2DA1A51AB1}.Debug|Any CPU.Build.0 = Debug|Any CPU
		{2118DF64-6560-4E69-9D18-4E2DA1A51AB1}.Release|Any CPU.ActiveCfg = Release|Any CPU
		{2118DF64-6560-4E69-9D18-4E2DA1A51AB1}.Release|Any CPU.Build.0 = Release|Any CPU
		{1D746E16-B50A-4A97-908F-B1EAAAEB1C02}.Debug|Any CPU.ActiveCfg = Debug|Any CPU
		{1D746E16-B50A-4A97-908F-B1EAAAEB1C02}.Debug|Any CPU.Build.0 = Debug|Any CPU
		{1D746E16-B50A-4A97-908F-B1EAAAEB1C02}.Release|Any CPU.ActiveCfg = Release|Any CPU
		{1D746E16-B50A-4A97-908F-B1EAAAEB1C02}.Release|Any CPU.Build.0 = Release|Any CPU
		{1CB5C206-6A93-4B62-888A-1484A355A4E1}.Debug|Any CPU.ActiveCfg = Debug|Any CPU
		{1CB5C206-6A93-4B62-888A-1484A355A4E1}.Debug|Any CPU.Build.0 = Debug|Any CPU
		{1CB5C206-6A93-4B62-888A-1484A355A4E1}.Release|Any CPU.ActiveCfg = Release|Any CPU
		{1CB5C206-6A93-4B62-888A-1484A355A4E1}.Release|Any CPU.Build.0 = Release|Any CPU
		{5C595595-FBB0-42A5-90BE-5507129A75C6}.Debug|Any CPU.ActiveCfg = Debug|Any CPU
		{5C595595-FBB0-42A5-90BE-5507129A75C6}.Debug|Any CPU.Build.0 = Debug|Any CPU
		{5C595595-FBB0-42A5-90BE-5507129A75C6}.Release|Any CPU.ActiveCfg = Release|Any CPU
		{5C595595-FBB0-42A5-90BE-5507129A75C6}.Release|Any CPU.Build.0 = Release|Any CPU
		{93D5184C-1B13-414E-B29E-2398BD464BE6}.Debug|Any CPU.ActiveCfg = Debug|Any CPU
		{93D5184C-1B13-414E-B29E-2398BD464BE6}.Debug|Any CPU.Build.0 = Debug|Any CPU
		{93D5184C-1B13-414E-B29E-2398BD464BE6}.Release|Any CPU.ActiveCfg = Release|Any CPU
		{93D5184C-1B13-414E-B29E-2398BD464BE6}.Release|Any CPU.Build.0 = Release|Any CPU
		{2F4B4E86-6AAB-44A9-822B-36D0325BE0BE}.Debug|Any CPU.ActiveCfg = Debug|Any CPU
		{2F4B4E86-6AAB-44A9-822B-36D0325BE0BE}.Debug|Any CPU.Build.0 = Debug|Any CPU
		{2F4B4E86-6AAB-44A9-822B-36D0325BE0BE}.Release|Any CPU.ActiveCfg = Release|Any CPU
		{2F4B4E86-6AAB-44A9-822B-36D0325BE0BE}.Release|Any CPU.Build.0 = Release|Any CPU
		{15B6EF49-48F5-406D-8545-D37C0998A770}.Debug|Any CPU.ActiveCfg = Debug|Any CPU
		{15B6EF49-48F5-406D-8545-D37C0998A770}.Debug|Any CPU.Build.0 = Debug|Any CPU
		{15B6EF49-48F5-406D-8545-D37C0998A770}.Release|Any CPU.ActiveCfg = Release|Any CPU
		{15B6EF49-48F5-406D-8545-D37C0998A770}.Release|Any CPU.Build.0 = Release|Any CPU
		{C9C536C9-762E-469B-9362-7DF893D1CED2}.Debug|Any CPU.ActiveCfg = Debug|Any CPU
		{C9C536C9-762E-469B-9362-7DF893D1CED2}.Debug|Any CPU.Build.0 = Debug|Any CPU
		{C9C536C9-762E-469B-9362-7DF893D1CED2}.Release|Any CPU.ActiveCfg = Release|Any CPU
		{C9C536C9-762E-469B-9362-7DF893D1CED2}.Release|Any CPU.Build.0 = Release|Any CPU
		{25AFB7B3-D929-4A80-AF1B-89BA651BB79C}.Debug|Any CPU.ActiveCfg = Debug|Any CPU
		{25AFB7B3-D929-4A80-AF1B-89BA651BB79C}.Debug|Any CPU.Build.0 = Debug|Any CPU
		{25AFB7B3-D929-4A80-AF1B-89BA651BB79C}.Release|Any CPU.ActiveCfg = Release|Any CPU
		{25AFB7B3-D929-4A80-AF1B-89BA651BB79C}.Release|Any CPU.Build.0 = Release|Any CPU
		{F3B85CB5-F642-440D-9D6B-F875FBFB3D97}.Debug|Any CPU.ActiveCfg = Debug|Any CPU
		{F3B85CB5-F642-440D-9D6B-F875FBFB3D97}.Debug|Any CPU.Build.0 = Debug|Any CPU
		{F3B85CB5-F642-440D-9D6B-F875FBFB3D97}.Release|Any CPU.ActiveCfg = Release|Any CPU
		{F3B85CB5-F642-440D-9D6B-F875FBFB3D97}.Release|Any CPU.Build.0 = Release|Any CPU
		{E776E85D-23C5-483D-AFA6-45F1176EDD6E}.Debug|Any CPU.ActiveCfg = Debug|Any CPU
		{E776E85D-23C5-483D-AFA6-45F1176EDD6E}.Debug|Any CPU.Build.0 = Debug|Any CPU
		{E776E85D-23C5-483D-AFA6-45F1176EDD6E}.Release|Any CPU.ActiveCfg = Release|Any CPU
		{E776E85D-23C5-483D-AFA6-45F1176EDD6E}.Release|Any CPU.Build.0 = Release|Any CPU
		{BD5AB7F9-8ED5-4C3A-90A8-5504E8929279}.Debug|Any CPU.ActiveCfg = Debug|Any CPU
		{BD5AB7F9-8ED5-4C3A-90A8-5504E8929279}.Debug|Any CPU.Build.0 = Debug|Any CPU
		{BD5AB7F9-8ED5-4C3A-90A8-5504E8929279}.Release|Any CPU.ActiveCfg = Release|Any CPU
		{BD5AB7F9-8ED5-4C3A-90A8-5504E8929279}.Release|Any CPU.Build.0 = Release|Any CPU
		{DE73B812-7D42-4C1D-933B-54D08CFE4921}.Debug|Any CPU.ActiveCfg = Debug|Any CPU
		{DE73B812-7D42-4C1D-933B-54D08CFE4921}.Debug|Any CPU.Build.0 = Debug|Any CPU
		{DE73B812-7D42-4C1D-933B-54D08CFE4921}.Release|Any CPU.ActiveCfg = Release|Any CPU
		{DE73B812-7D42-4C1D-933B-54D08CFE4921}.Release|Any CPU.Build.0 = Release|Any CPU
		{3A312F90-8EB1-46A5-A6B5-D1E34E667933}.Debug|Any CPU.ActiveCfg = Debug|Any CPU
		{3A312F90-8EB1-46A5-A6B5-D1E34E667933}.Debug|Any CPU.Build.0 = Debug|Any CPU
		{3A312F90-8EB1-46A5-A6B5-D1E34E667933}.Release|Any CPU.ActiveCfg = Release|Any CPU
		{3A312F90-8EB1-46A5-A6B5-D1E34E667933}.Release|Any CPU.Build.0 = Release|Any CPU
		{14677BDC-EC56-4D90-ACB0-A67F0F3EB8D3}.Debug|Any CPU.ActiveCfg = Debug|Any CPU
		{14677BDC-EC56-4D90-ACB0-A67F0F3EB8D3}.Debug|Any CPU.Build.0 = Debug|Any CPU
		{14677BDC-EC56-4D90-ACB0-A67F0F3EB8D3}.Release|Any CPU.ActiveCfg = Release|Any CPU
		{14677BDC-EC56-4D90-ACB0-A67F0F3EB8D3}.Release|Any CPU.Build.0 = Release|Any CPU
		{7CEECA35-CC24-4F9F-948D-CA2F21D97592}.Debug|Any CPU.ActiveCfg = Debug|Any CPU
		{7CEECA35-CC24-4F9F-948D-CA2F21D97592}.Debug|Any CPU.Build.0 = Debug|Any CPU
		{7CEECA35-CC24-4F9F-948D-CA2F21D97592}.Release|Any CPU.ActiveCfg = Release|Any CPU
		{7CEECA35-CC24-4F9F-948D-CA2F21D97592}.Release|Any CPU.Build.0 = Release|Any CPU
		{0435E8CE-FBE5-42BB-B681-0DCC69ED520B}.Debug|Any CPU.ActiveCfg = Debug|Any CPU
		{0435E8CE-FBE5-42BB-B681-0DCC69ED520B}.Debug|Any CPU.Build.0 = Debug|Any CPU
		{0435E8CE-FBE5-42BB-B681-0DCC69ED520B}.Release|Any CPU.ActiveCfg = Release|Any CPU
		{0435E8CE-FBE5-42BB-B681-0DCC69ED520B}.Release|Any CPU.Build.0 = Release|Any CPU
		{118D368E-1ACE-4BC3-A8DC-BB9F7B29632E}.Debug|Any CPU.ActiveCfg = Debug|Any CPU
		{118D368E-1ACE-4BC3-A8DC-BB9F7B29632E}.Debug|Any CPU.Build.0 = Debug|Any CPU
		{118D368E-1ACE-4BC3-A8DC-BB9F7B29632E}.Release|Any CPU.ActiveCfg = Release|Any CPU
		{118D368E-1ACE-4BC3-A8DC-BB9F7B29632E}.Release|Any CPU.Build.0 = Release|Any CPU
		{E20A72DB-4B7A-45FC-BEE6-E8436A98B2A2}.Debug|Any CPU.ActiveCfg = Debug|Any CPU
		{E20A72DB-4B7A-45FC-BEE6-E8436A98B2A2}.Debug|Any CPU.Build.0 = Debug|Any CPU
		{E20A72DB-4B7A-45FC-BEE6-E8436A98B2A2}.Release|Any CPU.ActiveCfg = Release|Any CPU
		{E20A72DB-4B7A-45FC-BEE6-E8436A98B2A2}.Release|Any CPU.Build.0 = Release|Any CPU
		{A761F37D-194F-4171-945C-367CB97E92F7}.Debug|Any CPU.ActiveCfg = Debug|Any CPU
		{A761F37D-194F-4171-945C-367CB97E92F7}.Debug|Any CPU.Build.0 = Debug|Any CPU
		{A761F37D-194F-4171-945C-367CB97E92F7}.Release|Any CPU.ActiveCfg = Release|Any CPU
		{A761F37D-194F-4171-945C-367CB97E92F7}.Release|Any CPU.Build.0 = Release|Any CPU
		{C0DCA9A3-972B-4510-8E6E-28638D64E228}.Debug|Any CPU.ActiveCfg = Debug|Any CPU
		{C0DCA9A3-972B-4510-8E6E-28638D64E228}.Debug|Any CPU.Build.0 = Debug|Any CPU
		{C0DCA9A3-972B-4510-8E6E-28638D64E228}.Release|Any CPU.ActiveCfg = Release|Any CPU
		{C0DCA9A3-972B-4510-8E6E-28638D64E228}.Release|Any CPU.Build.0 = Release|Any CPU
		{595F90DA-68A5-4E7A-998D-AC7AF288CC24}.Debug|Any CPU.ActiveCfg = Debug|Any CPU
		{595F90DA-68A5-4E7A-998D-AC7AF288CC24}.Debug|Any CPU.Build.0 = Debug|Any CPU
		{595F90DA-68A5-4E7A-998D-AC7AF288CC24}.Release|Any CPU.ActiveCfg = Release|Any CPU
		{595F90DA-68A5-4E7A-998D-AC7AF288CC24}.Release|Any CPU.Build.0 = Release|Any CPU
		{122D2F9F-5655-48A8-9D14-98FF1F9FB6A4}.Debug|Any CPU.ActiveCfg = Debug|Any CPU
		{122D2F9F-5655-48A8-9D14-98FF1F9FB6A4}.Debug|Any CPU.Build.0 = Debug|Any CPU
		{122D2F9F-5655-48A8-9D14-98FF1F9FB6A4}.Release|Any CPU.ActiveCfg = Release|Any CPU
		{122D2F9F-5655-48A8-9D14-98FF1F9FB6A4}.Release|Any CPU.Build.0 = Release|Any CPU
		{DEE1E4E0-3642-4D26-8C2C-8464535F0978}.Debug|Any CPU.ActiveCfg = Debug|Any CPU
		{DEE1E4E0-3642-4D26-8C2C-8464535F0978}.Debug|Any CPU.Build.0 = Debug|Any CPU
		{DEE1E4E0-3642-4D26-8C2C-8464535F0978}.Release|Any CPU.ActiveCfg = Release|Any CPU
		{DEE1E4E0-3642-4D26-8C2C-8464535F0978}.Release|Any CPU.Build.0 = Release|Any CPU
		{BAE54950-B0C0-4C94-946F-069723AB47C7}.Debug|Any CPU.ActiveCfg = Debug|Any CPU
		{BAE54950-B0C0-4C94-946F-069723AB47C7}.Debug|Any CPU.Build.0 = Debug|Any CPU
		{BAE54950-B0C0-4C94-946F-069723AB47C7}.Release|Any CPU.ActiveCfg = Release|Any CPU
		{BAE54950-B0C0-4C94-946F-069723AB47C7}.Release|Any CPU.Build.0 = Release|Any CPU
		{117601BB-81F7-44A0-A2C4-A97DA57E683F}.Debug|Any CPU.ActiveCfg = Debug|Any CPU
		{117601BB-81F7-44A0-A2C4-A97DA57E683F}.Debug|Any CPU.Build.0 = Debug|Any CPU
		{117601BB-81F7-44A0-A2C4-A97DA57E683F}.Release|Any CPU.ActiveCfg = Release|Any CPU
		{117601BB-81F7-44A0-A2C4-A97DA57E683F}.Release|Any CPU.Build.0 = Release|Any CPU
		{A008B034-48BE-481D-9124-000EC5A24B92}.Debug|Any CPU.ActiveCfg = Debug|Any CPU
		{A008B034-48BE-481D-9124-000EC5A24B92}.Debug|Any CPU.Build.0 = Debug|Any CPU
		{A008B034-48BE-481D-9124-000EC5A24B92}.Release|Any CPU.ActiveCfg = Release|Any CPU
		{A008B034-48BE-481D-9124-000EC5A24B92}.Release|Any CPU.Build.0 = Release|Any CPU
		{63CDD452-8779-4CE7-A917-1F7997950DD5}.Debug|Any CPU.ActiveCfg = Debug|Any CPU
		{63CDD452-8779-4CE7-A917-1F7997950DD5}.Debug|Any CPU.Build.0 = Debug|Any CPU
		{63CDD452-8779-4CE7-A917-1F7997950DD5}.Release|Any CPU.ActiveCfg = Release|Any CPU
		{63CDD452-8779-4CE7-A917-1F7997950DD5}.Release|Any CPU.Build.0 = Release|Any CPU
		{3E5D242C-2120-468C-8D04-E53D8FE177C3}.Debug|Any CPU.ActiveCfg = Debug|Any CPU
		{3E5D242C-2120-468C-8D04-E53D8FE177C3}.Debug|Any CPU.Build.0 = Debug|Any CPU
		{3E5D242C-2120-468C-8D04-E53D8FE177C3}.Release|Any CPU.ActiveCfg = Release|Any CPU
		{3E5D242C-2120-468C-8D04-E53D8FE177C3}.Release|Any CPU.Build.0 = Release|Any CPU
		{19BDDD71-FA7F-4749-AEA5-CECF18558075}.Debug|Any CPU.ActiveCfg = Debug|Any CPU
		{19BDDD71-FA7F-4749-AEA5-CECF18558075}.Debug|Any CPU.Build.0 = Debug|Any CPU
		{19BDDD71-FA7F-4749-AEA5-CECF18558075}.Release|Any CPU.ActiveCfg = Release|Any CPU
		{19BDDD71-FA7F-4749-AEA5-CECF18558075}.Release|Any CPU.Build.0 = Release|Any CPU
		{FDDA4674-43B1-47CC-BAE2-EB3F29889223}.Debug|Any CPU.ActiveCfg = Debug|Any CPU
		{FDDA4674-43B1-47CC-BAE2-EB3F29889223}.Debug|Any CPU.Build.0 = Debug|Any CPU
		{FDDA4674-43B1-47CC-BAE2-EB3F29889223}.Release|Any CPU.ActiveCfg = Release|Any CPU
		{FDDA4674-43B1-47CC-BAE2-EB3F29889223}.Release|Any CPU.Build.0 = Release|Any CPU
		{24D1C287-D9A8-484C-8528-3B7387E7C5AB}.Debug|Any CPU.ActiveCfg = Debug|Any CPU
		{24D1C287-D9A8-484C-8528-3B7387E7C5AB}.Debug|Any CPU.Build.0 = Debug|Any CPU
		{24D1C287-D9A8-484C-8528-3B7387E7C5AB}.Release|Any CPU.ActiveCfg = Release|Any CPU
		{24D1C287-D9A8-484C-8528-3B7387E7C5AB}.Release|Any CPU.Build.0 = Release|Any CPU
		{8A0CD399-8FD9-4B07-8B15-7F29C1FCE853}.Debug|Any CPU.ActiveCfg = Debug|Any CPU
		{8A0CD399-8FD9-4B07-8B15-7F29C1FCE853}.Debug|Any CPU.Build.0 = Debug|Any CPU
		{8A0CD399-8FD9-4B07-8B15-7F29C1FCE853}.Release|Any CPU.ActiveCfg = Release|Any CPU
		{8A0CD399-8FD9-4B07-8B15-7F29C1FCE853}.Release|Any CPU.Build.0 = Release|Any CPU
		{A26F5CDA-AEDD-473B-A4F1-93B745D8F495}.Debug|Any CPU.ActiveCfg = Debug|Any CPU
		{A26F5CDA-AEDD-473B-A4F1-93B745D8F495}.Debug|Any CPU.Build.0 = Debug|Any CPU
		{A26F5CDA-AEDD-473B-A4F1-93B745D8F495}.Release|Any CPU.ActiveCfg = Release|Any CPU
		{A26F5CDA-AEDD-473B-A4F1-93B745D8F495}.Release|Any CPU.Build.0 = Release|Any CPU
		{4089E5A5-9345-4F24-8A1A-3E69582DB876}.Debug|Any CPU.ActiveCfg = Debug|Any CPU
		{4089E5A5-9345-4F24-8A1A-3E69582DB876}.Debug|Any CPU.Build.0 = Debug|Any CPU
		{4089E5A5-9345-4F24-8A1A-3E69582DB876}.Release|Any CPU.ActiveCfg = Release|Any CPU
		{4089E5A5-9345-4F24-8A1A-3E69582DB876}.Release|Any CPU.Build.0 = Release|Any CPU
	EndGlobalSection
	GlobalSection(SolutionProperties) = preSolution
		HideSolutionNode = FALSE
	EndGlobalSection
	GlobalSection(NestedProjects) = preSolution
		{2F3E7D54-B902-4364-B070-C3D1ECB19774} = {B2D72DD9-5405-41F8-BFD3-E34AB9A1799F}
		{C3890890-4DD6-4410-A6CE-B2100D1E94B3} = {E0ECA0A7-8DE2-4A66-95F2-A0E6516219A0}
		{43A9C267-9DD8-42E0-956B-2E21F80796F9} = {E0ECA0A7-8DE2-4A66-95F2-A0E6516219A0}
		{2202C5CD-576F-493F-BD3C-628A3386928E} = {E0ECA0A7-8DE2-4A66-95F2-A0E6516219A0}
		{763ACC0A-2915-4711-AE58-18136556CBE7} = {E0ECA0A7-8DE2-4A66-95F2-A0E6516219A0}
		{F2D95128-89A4-406D-943C-34924B8A90C0} = {E0ECA0A7-8DE2-4A66-95F2-A0E6516219A0}
		{D4F9C3A0-E8F3-4004-9762-32226E1714DC} = {F612383E-484E-4F4D-B5F8-3C1C5B8352F8}
		{A4704604-21B3-4A53-A068-C9427C50FCDE} = {F612383E-484E-4F4D-B5F8-3C1C5B8352F8}
		{1905F697-DBA9-4D26-91F7-3A1E61DFA247} = {A4704604-21B3-4A53-A068-C9427C50FCDE}
		{D63A1683-B32C-4869-BE75-805832729D60} = {A4704604-21B3-4A53-A068-C9427C50FCDE}
		{75F5ADD2-CBAD-45ED-815A-8D1444C5E700} = {A4704604-21B3-4A53-A068-C9427C50FCDE}
		{650BDC2A-66BE-4EFB-888C-34E42C10400B} = {A4704604-21B3-4A53-A068-C9427C50FCDE}
		{E429CDDD-2711-4D0D-BC0E-350B1D49EFA0} = {D4F9C3A0-E8F3-4004-9762-32226E1714DC}
		{866778FF-6D0F-42C9-B452-07D3C7E6C8EF} = {D4F9C3A0-E8F3-4004-9762-32226E1714DC}
		{3648EEB7-5DEB-420A-BD91-5C456AD31E3C} = {D4F9C3A0-E8F3-4004-9762-32226E1714DC}
		{F258C3CD-90FD-4F47-9900-4A80C74690B1} = {D4F9C3A0-E8F3-4004-9762-32226E1714DC}
		{2118DF64-6560-4E69-9D18-4E2DA1A51AB1} = {C3890890-4DD6-4410-A6CE-B2100D1E94B3}
		{1D746E16-B50A-4A97-908F-B1EAAAEB1C02} = {C3890890-4DD6-4410-A6CE-B2100D1E94B3}
		{1CB5C206-6A93-4B62-888A-1484A355A4E1} = {C3890890-4DD6-4410-A6CE-B2100D1E94B3}
		{5C595595-FBB0-42A5-90BE-5507129A75C6} = {43A9C267-9DD8-42E0-956B-2E21F80796F9}
		{93D5184C-1B13-414E-B29E-2398BD464BE6} = {2202C5CD-576F-493F-BD3C-628A3386928E}
		{2F4B4E86-6AAB-44A9-822B-36D0325BE0BE} = {2202C5CD-576F-493F-BD3C-628A3386928E}
		{15B6EF49-48F5-406D-8545-D37C0998A770} = {2202C5CD-576F-493F-BD3C-628A3386928E}
		{C9C536C9-762E-469B-9362-7DF893D1CED2} = {2202C5CD-576F-493F-BD3C-628A3386928E}
		{25AFB7B3-D929-4A80-AF1B-89BA651BB79C} = {763ACC0A-2915-4711-AE58-18136556CBE7}
		{F3B85CB5-F642-440D-9D6B-F875FBFB3D97} = {763ACC0A-2915-4711-AE58-18136556CBE7}
		{E776E85D-23C5-483D-AFA6-45F1176EDD6E} = {763ACC0A-2915-4711-AE58-18136556CBE7}
		{BD5AB7F9-8ED5-4C3A-90A8-5504E8929279} = {763ACC0A-2915-4711-AE58-18136556CBE7}
		{DE73B812-7D42-4C1D-933B-54D08CFE4921} = {F2D95128-89A4-406D-943C-34924B8A90C0}
		{3A312F90-8EB1-46A5-A6B5-D1E34E667933} = {F2D95128-89A4-406D-943C-34924B8A90C0}
		{14677BDC-EC56-4D90-ACB0-A67F0F3EB8D3} = {F2D95128-89A4-406D-943C-34924B8A90C0}
		{7CEECA35-CC24-4F9F-948D-CA2F21D97592} = {F2D95128-89A4-406D-943C-34924B8A90C0}
		{0435E8CE-FBE5-42BB-B681-0DCC69ED520B} = {C3890890-4DD6-4410-A6CE-B2100D1E94B3}
		{E20A72DB-4B7A-45FC-BEE6-E8436A98B2A2} = {C3890890-4DD6-4410-A6CE-B2100D1E94B3}
		{2E108AE1-C67A-4B31-8433-E49137B0CCD5} = {E0ECA0A7-8DE2-4A66-95F2-A0E6516219A0}
		{A761F37D-194F-4171-945C-367CB97E92F7} = {2E108AE1-C67A-4B31-8433-E49137B0CCD5}
		{C0DCA9A3-972B-4510-8E6E-28638D64E228} = {2E108AE1-C67A-4B31-8433-E49137B0CCD5}
		{595F90DA-68A5-4E7A-998D-AC7AF288CC24} = {2E108AE1-C67A-4B31-8433-E49137B0CCD5}
		{122D2F9F-5655-48A8-9D14-98FF1F9FB6A4} = {2E108AE1-C67A-4B31-8433-E49137B0CCD5}
		{AF770B10-114A-465E-9AB3-C5EAE57ECEA2} = {F612383E-484E-4F4D-B5F8-3C1C5B8352F8}
		{DEE1E4E0-3642-4D26-8C2C-8464535F0978} = {AF770B10-114A-465E-9AB3-C5EAE57ECEA2}
		{BAE54950-B0C0-4C94-946F-069723AB47C7} = {AF770B10-114A-465E-9AB3-C5EAE57ECEA2}
		{117601BB-81F7-44A0-A2C4-A97DA57E683F} = {AF770B10-114A-465E-9AB3-C5EAE57ECEA2}
		{A008B034-48BE-481D-9124-000EC5A24B92} = {AF770B10-114A-465E-9AB3-C5EAE57ECEA2}
		{AEDB966E-B0C7-4693-94B2-2245276A148E} = {E0ECA0A7-8DE2-4A66-95F2-A0E6516219A0}
		{63CDD452-8779-4CE7-A917-1F7997950DD5} = {AEDB966E-B0C7-4693-94B2-2245276A148E}
		{3E5D242C-2120-468C-8D04-E53D8FE177C3} = {AEDB966E-B0C7-4693-94B2-2245276A148E}
		{19BDDD71-FA7F-4749-AEA5-CECF18558075} = {AEDB966E-B0C7-4693-94B2-2245276A148E}
		{FDDA4674-43B1-47CC-BAE2-EB3F29889223} = {AEDB966E-B0C7-4693-94B2-2245276A148E}
		{1808FEBE-CCEF-4D44-85C8-11FB7BE7E3FC} = {F612383E-484E-4F4D-B5F8-3C1C5B8352F8}
		{24D1C287-D9A8-484C-8528-3B7387E7C5AB} = {1808FEBE-CCEF-4D44-85C8-11FB7BE7E3FC}
		{8A0CD399-8FD9-4B07-8B15-7F29C1FCE853} = {1808FEBE-CCEF-4D44-85C8-11FB7BE7E3FC}
		{A26F5CDA-AEDD-473B-A4F1-93B745D8F495} = {1808FEBE-CCEF-4D44-85C8-11FB7BE7E3FC}
		{4089E5A5-9345-4F24-8A1A-3E69582DB876} = {1808FEBE-CCEF-4D44-85C8-11FB7BE7E3FC}
	EndGlobalSection
	GlobalSection(ExtensibilityGlobals) = postSolution
		SolutionGuid = {B2909BD8-E153-42AD-BED6-162C98370DEE}
	EndGlobalSection
EndGlobal
